// !$*UTF8*$!
{
	archiveVersion = 1;
	classes = {
	};
	objectVersion = 46;
	objects = {

/* Begin PBXBuildFile section */
		55C4A1CB18E6210F006B6AB0 /* Foundation.framework in Frameworks */ = {isa = PBXBuildFile; fileRef = 55C4A1CA18E6210F006B6AB0 /* Foundation.framework */; };
		55C4A1CD18E6210F006B6AB0 /* CoreGraphics.framework in Frameworks */ = {isa = PBXBuildFile; fileRef = 55C4A1CC18E6210F006B6AB0 /* CoreGraphics.framework */; };
		55C4A1CF18E6210F006B6AB0 /* UIKit.framework in Frameworks */ = {isa = PBXBuildFile; fileRef = 55C4A1CE18E6210F006B6AB0 /* UIKit.framework */; };
		55C4A1D518E6210F006B6AB0 /* InfoPlist.strings in Resources */ = {isa = PBXBuildFile; fileRef = 55C4A1D318E6210F006B6AB0 /* InfoPlist.strings */; };
		55C4A1D718E6210F006B6AB0 /* main.m in Sources */ = {isa = PBXBuildFile; fileRef = 55C4A1D618E6210F006B6AB0 /* main.m */; };
		55C4A1DB18E6210F006B6AB0 /* ATAppDelegate.m in Sources */ = {isa = PBXBuildFile; fileRef = 55C4A1DA18E6210F006B6AB0 /* ATAppDelegate.m */; };
		55C4A1DE18E6210F006B6AB0 /* Main_iPhone.storyboard in Resources */ = {isa = PBXBuildFile; fileRef = 55C4A1DC18E6210F006B6AB0 /* Main_iPhone.storyboard */; };
		55C4A1E118E6210F006B6AB0 /* Main_iPad.storyboard in Resources */ = {isa = PBXBuildFile; fileRef = 55C4A1DF18E6210F006B6AB0 /* Main_iPad.storyboard */; };
		55C4A1E418E6210F006B6AB0 /* ATViewController.m in Sources */ = {isa = PBXBuildFile; fileRef = 55C4A1E318E6210F006B6AB0 /* ATViewController.m */; };
		55C4A1E618E6210F006B6AB0 /* Images.xcassets in Resources */ = {isa = PBXBuildFile; fileRef = 55C4A1E518E6210F006B6AB0 /* Images.xcassets */; };
		55C4A1ED18E62110006B6AB0 /* XCTest.framework in Frameworks */ = {isa = PBXBuildFile; fileRef = 55C4A1EC18E62110006B6AB0 /* XCTest.framework */; };
		55C4A1EE18E62110006B6AB0 /* Foundation.framework in Frameworks */ = {isa = PBXBuildFile; fileRef = 55C4A1CA18E6210F006B6AB0 /* Foundation.framework */; };
		55C4A1EF18E62110006B6AB0 /* UIKit.framework in Frameworks */ = {isa = PBXBuildFile; fileRef = 55C4A1CE18E6210F006B6AB0 /* UIKit.framework */; };
		55C4A1F718E62110006B6AB0 /* InfoPlist.strings in Resources */ = {isa = PBXBuildFile; fileRef = 55C4A1F518E62110006B6AB0 /* InfoPlist.strings */; };
		55C4A1F918E62110006B6AB0 /* ScrollBarColorTests.m in Sources */ = {isa = PBXBuildFile; fileRef = 55C4A1F818E62110006B6AB0 /* ScrollBarColorTests.m */; };
/* End PBXBuildFile section */

/* Begin PBXContainerItemProxy section */
		55C4A1F018E62110006B6AB0 /* PBXContainerItemProxy */ = {
			isa = PBXContainerItemProxy;
			containerPortal = 55C4A1BF18E6210F006B6AB0 /* Project object */;
			proxyType = 1;
			remoteGlobalIDString = 55C4A1C618E6210F006B6AB0;
			remoteInfo = ScrollBarColor;
		};
/* End PBXContainerItemProxy section */

/* Begin PBXFileReference section */
		55C4A1C718E6210F006B6AB0 /* ScrollBarColor.app */ = {isa = PBXFileReference; explicitFileType = wrapper.application; includeInIndex = 0; path = ScrollBarColor.app; sourceTree = BUILT_PRODUCTS_DIR; };
		55C4A1CA18E6210F006B6AB0 /* Foundation.framework */ = {isa = PBXFileReference; lastKnownFileType = wrapper.framework; name = Foundation.framework; path = System/Library/Frameworks/Foundation.framework; sourceTree = SDKROOT; };
		55C4A1CC18E6210F006B6AB0 /* CoreGraphics.framework */ = {isa = PBXFileReference; lastKnownFileType = wrapper.framework; name = CoreGraphics.framework; path = System/Library/Frameworks/CoreGraphics.framework; sourceTree = SDKROOT; };
		55C4A1CE18E6210F006B6AB0 /* UIKit.framework */ = {isa = PBXFileReference; lastKnownFileType = wrapper.framework; name = UIKit.framework; path = System/Library/Frameworks/UIKit.framework; sourceTree = SDKROOT; };
		55C4A1D218E6210F006B6AB0 /* ScrollBarColor-Info.plist */ = {isa = PBXFileReference; lastKnownFileType = text.plist.xml; path = "ScrollBarColor-Info.plist"; sourceTree = "<group>"; };
		55C4A1D418E6210F006B6AB0 /* en */ = {isa = PBXFileReference; lastKnownFileType = text.plist.strings; name = en; path = en.lproj/InfoPlist.strings; sourceTree = "<group>"; };
		55C4A1D618E6210F006B6AB0 /* main.m */ = {isa = PBXFileReference; lastKnownFileType = sourcecode.c.objc; path = main.m; sourceTree = "<group>"; };
		55C4A1D818E6210F006B6AB0 /* ScrollBarColor-Prefix.pch */ = {isa = PBXFileReference; lastKnownFileType = sourcecode.c.h; path = "ScrollBarColor-Prefix.pch"; sourceTree = "<group>"; };
		55C4A1D918E6210F006B6AB0 /* ATAppDelegate.h */ = {isa = PBXFileReference; lastKnownFileType = sourcecode.c.h; path = ATAppDelegate.h; sourceTree = "<group>"; };
		55C4A1DA18E6210F006B6AB0 /* ATAppDelegate.m */ = {isa = PBXFileReference; lastKnownFileType = sourcecode.c.objc; path = ATAppDelegate.m; sourceTree = "<group>"; };
		55C4A1DD18E6210F006B6AB0 /* Base */ = {isa = PBXFileReference; lastKnownFileType = file.storyboard; name = Base; path = Base.lproj/Main_iPhone.storyboard; sourceTree = "<group>"; };
		55C4A1E018E6210F006B6AB0 /* Base */ = {isa = PBXFileReference; lastKnownFileType = file.storyboard; name = Base; path = Base.lproj/Main_iPad.storyboard; sourceTree = "<group>"; };
		55C4A1E218E6210F006B6AB0 /* ATViewController.h */ = {isa = PBXFileReference; lastKnownFileType = sourcecode.c.h; path = ATViewController.h; sourceTree = "<group>"; };
		55C4A1E318E6210F006B6AB0 /* ATViewController.m */ = {isa = PBXFileReference; lastKnownFileType = sourcecode.c.objc; path = ATViewController.m; sourceTree = "<group>"; };
		55C4A1E518E6210F006B6AB0 /* Images.xcassets */ = {isa = PBXFileReference; lastKnownFileType = folder.assetcatalog; path = Images.xcassets; sourceTree = "<group>"; };
		55C4A1EB18E62110006B6AB0 /* ScrollBarColorTests.xctest */ = {isa = PBXFileReference; explicitFileType = wrapper.cfbundle; includeInIndex = 0; path = ScrollBarColorTests.xctest; sourceTree = BUILT_PRODUCTS_DIR; };
		55C4A1EC18E62110006B6AB0 /* XCTest.framework */ = {isa = PBXFileReference; lastKnownFileType = wrapper.framework; name = XCTest.framework; path = Library/Frameworks/XCTest.framework; sourceTree = DEVELOPER_DIR; };
		55C4A1F418E62110006B6AB0 /* ScrollBarColorTests-Info.plist */ = {isa = PBXFileReference; lastKnownFileType = text.plist.xml; path = "ScrollBarColorTests-Info.plist"; sourceTree = "<group>"; };
		55C4A1F618E62110006B6AB0 /* en */ = {isa = PBXFileReference; lastKnownFileType = text.plist.strings; name = en; path = en.lproj/InfoPlist.strings; sourceTree = "<group>"; };
		55C4A1F818E62110006B6AB0 /* ScrollBarColorTests.m */ = {isa = PBXFileReference; lastKnownFileType = sourcecode.c.objc; path = ScrollBarColorTests.m; sourceTree = "<group>"; };
/* End PBXFileReference section */

/* Begin PBXFrameworksBuildPhase section */
		55C4A1C418E6210F006B6AB0 /* Frameworks */ = {
			isa = PBXFrameworksBuildPhase;
			buildActionMask = 2147483647;
			files = (
				55C4A1CD18E6210F006B6AB0 /* CoreGraphics.framework in Frameworks */,
				55C4A1CF18E6210F006B6AB0 /* UIKit.framework in Frameworks */,
				55C4A1CB18E6210F006B6AB0 /* Foundation.framework in Frameworks */,
			);
			runOnlyForDeploymentPostprocessing = 0;
		};
		55C4A1E818E62110006B6AB0 /* Frameworks */ = {
			isa = PBXFrameworksBuildPhase;
			buildActionMask = 2147483647;
			files = (
				55C4A1ED18E62110006B6AB0 /* XCTest.framework in Frameworks */,
				55C4A1EF18E62110006B6AB0 /* UIKit.framework in Frameworks */,
				55C4A1EE18E62110006B6AB0 /* Foundation.framework in Frameworks */,
			);
			runOnlyForDeploymentPostprocessing = 0;
		};
/* End PBXFrameworksBuildPhase section */

/* Begin PBXGroup section */
		55C4A1BE18E6210F006B6AB0 = {
			isa = PBXGroup;
			children = (
				55C4A1D018E6210F006B6AB0 /* ScrollBarColor */,
				55C4A1F218E62110006B6AB0 /* ScrollBarColorTests */,
				55C4A1C918E6210F006B6AB0 /* Frameworks */,
				55C4A1C818E6210F006B6AB0 /* Products */,
			);
			sourceTree = "<group>";
		};
		55C4A1C818E6210F006B6AB0 /* Products */ = {
			isa = PBXGroup;
			children = (
				55C4A1C718E6210F006B6AB0 /* ScrollBarColor.app */,
				55C4A1EB18E62110006B6AB0 /* ScrollBarColorTests.xctest */,
			);
			name = Products;
			sourceTree = "<group>";
		};
		55C4A1C918E6210F006B6AB0 /* Frameworks */ = {
			isa = PBXGroup;
			children = (
				55C4A1CA18E6210F006B6AB0 /* Foundation.framework */,
				55C4A1CC18E6210F006B6AB0 /* CoreGraphics.framework */,
				55C4A1CE18E6210F006B6AB0 /* UIKit.framework */,
				55C4A1EC18E62110006B6AB0 /* XCTest.framework */,
			);
			name = Frameworks;
			sourceTree = "<group>";
		};
		55C4A1D018E6210F006B6AB0 /* ScrollBarColor */ = {
			isa = PBXGroup;
			children = (
				55C4A1D918E6210F006B6AB0 /* ATAppDelegate.h */,
				55C4A1DA18E6210F006B6AB0 /* ATAppDelegate.m */,
				55C4A1DC18E6210F006B6AB0 /* Main_iPhone.storyboard */,
				55C4A1DF18E6210F006B6AB0 /* Main_iPad.storyboard */,
				55C4A1E218E6210F006B6AB0 /* ATViewController.h */,
				55C4A1E318E6210F006B6AB0 /* ATViewController.m */,
				55C4A1E518E6210F006B6AB0 /* Images.xcassets */,
				55C4A1D118E6210F006B6AB0 /* Supporting Files */,
			);
			path = ScrollBarColor;
			sourceTree = "<group>";
		};
		55C4A1D118E6210F006B6AB0 /* Supporting Files */ = {
			isa = PBXGroup;
			children = (
				55C4A1D218E6210F006B6AB0 /* ScrollBarColor-Info.plist */,
				55C4A1D318E6210F006B6AB0 /* InfoPlist.strings */,
				55C4A1D618E6210F006B6AB0 /* main.m */,
				55C4A1D818E6210F006B6AB0 /* ScrollBarColor-Prefix.pch */,
			);
			name = "Supporting Files";
			sourceTree = "<group>";
		};
		55C4A1F218E62110006B6AB0 /* ScrollBarColorTests */ = {
			isa = PBXGroup;
			children = (
				55C4A1F818E62110006B6AB0 /* ScrollBarColorTests.m */,
				55C4A1F318E62110006B6AB0 /* Supporting Files */,
			);
			path = ScrollBarColorTests;
			sourceTree = "<group>";
		};
		55C4A1F318E62110006B6AB0 /* Supporting Files */ = {
			isa = PBXGroup;
			children = (
				55C4A1F418E62110006B6AB0 /* ScrollBarColorTests-Info.plist */,
				55C4A1F518E62110006B6AB0 /* InfoPlist.strings */,
			);
			name = "Supporting Files";
			sourceTree = "<group>";
		};
/* End PBXGroup section */

/* Begin PBXNativeTarget section */
		55C4A1C618E6210F006B6AB0 /* ScrollBarColor */ = {
			isa = PBXNativeTarget;
			buildConfigurationList = 55C4A1FC18E62110006B6AB0 /* Build configuration list for PBXNativeTarget "ScrollBarColor" */;
			buildPhases = (
				55C4A1C318E6210F006B6AB0 /* Sources */,
				55C4A1C418E6210F006B6AB0 /* Frameworks */,
				55C4A1C518E6210F006B6AB0 /* Resources */,
			);
			buildRules = (
			);
			dependencies = (
			);
			name = ScrollBarColor;
			productName = ScrollBarColor;
			productReference = 55C4A1C718E6210F006B6AB0 /* ScrollBarColor.app */;
			productType = "com.apple.product-type.application";
		};
		55C4A1EA18E62110006B6AB0 /* ScrollBarColorTests */ = {
			isa = PBXNativeTarget;
			buildConfigurationList = 55C4A1FF18E62110006B6AB0 /* Build configuration list for PBXNativeTarget "ScrollBarColorTests" */;
			buildPhases = (
				55C4A1E718E62110006B6AB0 /* Sources */,
				55C4A1E818E62110006B6AB0 /* Frameworks */,
				55C4A1E918E62110006B6AB0 /* Resources */,
			);
			buildRules = (
			);
			dependencies = (
				55C4A1F118E62110006B6AB0 /* PBXTargetDependency */,
			);
			name = ScrollBarColorTests;
			productName = ScrollBarColorTests;
			productReference = 55C4A1EB18E62110006B6AB0 /* ScrollBarColorTests.xctest */;
			productType = "com.apple.product-type.bundle.unit-test";
		};
/* End PBXNativeTarget section */

/* Begin PBXProject section */
		55C4A1BF18E6210F006B6AB0 /* Project object */ = {
			isa = PBXProject;
			attributes = {
				CLASSPREFIX = AT;
				LastUpgradeCheck = 0510;
				ORGANIZATIONNAME = AT;
				TargetAttributes = {
					55C4A1EA18E62110006B6AB0 = {
						TestTargetID = 55C4A1C618E6210F006B6AB0;
					};
				};
			};
			buildConfigurationList = 55C4A1C218E6210F006B6AB0 /* Build configuration list for PBXProject "ScrollBarColor" */;
			compatibilityVersion = "Xcode 3.2";
			developmentRegion = English;
			hasScannedForEncodings = 0;
			knownRegions = (
				en,
				Base,
			);
			mainGroup = 55C4A1BE18E6210F006B6AB0;
			productRefGroup = 55C4A1C818E6210F006B6AB0 /* Products */;
			projectDirPath = "";
			projectRoot = "";
			targets = (
				55C4A1C618E6210F006B6AB0 /* ScrollBarColor */,
				55C4A1EA18E62110006B6AB0 /* ScrollBarColorTests */,
			);
		};
/* End PBXProject section */

/* Begin PBXResourcesBuildPhase section */
		55C4A1C518E6210F006B6AB0 /* Resources */ = {
			isa = PBXResourcesBuildPhase;
			buildActionMask = 2147483647;
			files = (
				55C4A1E118E6210F006B6AB0 /* Main_iPad.storyboard in Resources */,
				55C4A1E618E6210F006B6AB0 /* Images.xcassets in Resources */,
				55C4A1DE18E6210F006B6AB0 /* Main_iPhone.storyboard in Resources */,
				55C4A1D518E6210F006B6AB0 /* InfoPlist.strings in Resources */,
			);
			runOnlyForDeploymentPostprocessing = 0;
		};
		55C4A1E918E62110006B6AB0 /* Resources */ = {
			isa = PBXResourcesBuildPhase;
			buildActionMask = 2147483647;
			files = (
				55C4A1F718E62110006B6AB0 /* InfoPlist.strings in Resources */,
			);
			runOnlyForDeploymentPostprocessing = 0;
		};
/* End PBXResourcesBuildPhase section */

/* Begin PBXSourcesBuildPhase section */
		55C4A1C318E6210F006B6AB0 /* Sources */ = {
			isa = PBXSourcesBuildPhase;
			buildActionMask = 2147483647;
			files = (
				55C4A1D718E6210F006B6AB0 /* main.m in Sources */,
				55C4A1E418E6210F006B6AB0 /* ATViewController.m in Sources */,
				55C4A1DB18E6210F006B6AB0 /* ATAppDelegate.m in Sources */,
			);
			runOnlyForDeploymentPostprocessing = 0;
		};
		55C4A1E718E62110006B6AB0 /* Sources */ = {
			isa = PBXSourcesBuildPhase;
			buildActionMask = 2147483647;
			files = (
				55C4A1F918E62110006B6AB0 /* ScrollBarColorTests.m in Sources */,
			);
			runOnlyForDeploymentPostprocessing = 0;
		};
/* End PBXSourcesBuildPhase section */

/* Begin PBXTargetDependency section */
		55C4A1F118E62110006B6AB0 /* PBXTargetDependency */ = {
			isa = PBXTargetDependency;
			target = 55C4A1C618E6210F006B6AB0 /* ScrollBarColor */;
			targetProxy = 55C4A1F018E62110006B6AB0 /* PBXContainerItemProxy */;
		};
/* End PBXTargetDependency section */

/* Begin PBXVariantGroup section */
		55C4A1D318E6210F006B6AB0 /* InfoPlist.strings */ = {
			isa = PBXVariantGroup;
			children = (
				55C4A1D418E6210F006B6AB0 /* en */,
			);
			name = InfoPlist.strings;
			sourceTree = "<group>";
		};
		55C4A1DC18E6210F006B6AB0 /* Main_iPhone.storyboard */ = {
			isa = PBXVariantGroup;
			children = (
				55C4A1DD18E6210F006B6AB0 /* Base */,
			);
			name = Main_iPhone.storyboard;
			sourceTree = "<group>";
		};
		55C4A1DF18E6210F006B6AB0 /* Main_iPad.storyboard */ = {
			isa = PBXVariantGroup;
			children = (
				55C4A1E018E6210F006B6AB0 /* Base */,
			);
			name = Main_iPad.storyboard;
			sourceTree = "<group>";
		};
		55C4A1F518E62110006B6AB0 /* InfoPlist.strings */ = {
			isa = PBXVariantGroup;
			children = (
				55C4A1F618E62110006B6AB0 /* en */,
			);
			name = InfoPlist.strings;
			sourceTree = "<group>";
		};
/* End PBXVariantGroup section */

/* Begin XCBuildConfiguration section */
		55C4A1FA18E62110006B6AB0 /* Debug */ = {
			isa = XCBuildConfiguration;
			buildSettings = {
				ALWAYS_SEARCH_USER_PATHS = NO;
				CLANG_CXX_LANGUAGE_STANDARD = "gnu++0x";
				CLANG_CXX_LIBRARY = "libc++";
				CLANG_ENABLE_MODULES = YES;
				CLANG_ENABLE_OBJC_ARC = YES;
				CLANG_WARN_BOOL_CONVERSION = YES;
				CLANG_WARN_CONSTANT_CONVERSION = YES;
				CLANG_WARN_DIRECT_OBJC_ISA_USAGE = YES_ERROR;
				CLANG_WARN_EMPTY_BODY = YES;
				CLANG_WARN_ENUM_CONVERSION = YES;
				CLANG_WARN_INT_CONVERSION = YES;
				CLANG_WARN_OBJC_ROOT_CLASS = YES_ERROR;
				CLANG_WARN__DUPLICATE_METHOD_MATCH = YES;
				"CODE_SIGN_IDENTITY[sdk=iphoneos*]" = "iPhone Developer";
				COPY_PHASE_STRIP = NO;
				GCC_C_LANGUAGE_STANDARD = gnu99;
				GCC_DYNAMIC_NO_PIC = NO;
				GCC_OPTIMIZATION_LEVEL = 0;
				GCC_PREPROCESSOR_DEFINITIONS = (
					"DEBUG=1",
					"$(inherited)",
				);
				GCC_SYMBOLS_PRIVATE_EXTERN = NO;
				GCC_WARN_64_TO_32_BIT_CONVERSION = YES;
				GCC_WARN_ABOUT_RETURN_TYPE = YES_ERROR;
				GCC_WARN_UNDECLARED_SELECTOR = YES;
				GCC_WARN_UNINITIALIZED_AUTOS = YES_AGGRESSIVE;
				GCC_WARN_UNUSED_FUNCTION = YES;
				GCC_WARN_UNUSED_VARIABLE = YES;
				IPHONEOS_DEPLOYMENT_TARGET = 7.1;
				ONLY_ACTIVE_ARCH = YES;
				SDKROOT = iphoneos;
				TARGETED_DEVICE_FAMILY = "1,2";
			};
			name = Debug;
		};
		55C4A1FB18E62110006B6AB0 /* Release */ = {
			isa = XCBuildConfiguration;
			buildSettings = {
				ALWAYS_SEARCH_USER_PATHS = NO;
				CLANG_CXX_LANGUAGE_STANDARD = "gnu++0x";
				CLANG_CXX_LIBRARY = "libc++";
				CLANG_ENABLE_MODULES = YES;
				CLANG_ENABLE_OBJC_ARC = YES;
				CLANG_WARN_BOOL_CONVERSION = YES;
				CLANG_WARN_CONSTANT_CONVERSION = YES;
				CLANG_WARN_DIRECT_OBJC_ISA_USAGE = YES_ERROR;
				CLANG_WARN_EMPTY_BODY = YES;
				CLANG_WARN_ENUM_CONVERSION = YES;
				CLANG_WARN_INT_CONVERSION = YES;
				CLANG_WARN_OBJC_ROOT_CLASS = YES_ERROR;
				CLANG_WARN__DUPLICATE_METHOD_MATCH = YES;
				"CODE_SIGN_IDENTITY[sdk=iphoneos*]" = "iPhone Developer";
				COPY_PHASE_STRIP = YES;
				ENABLE_NS_ASSERTIONS = NO;
				GCC_C_LANGUAGE_STANDARD = gnu99;
				GCC_WARN_64_TO_32_BIT_CONVERSION = YES;
				GCC_WARN_ABOUT_RETURN_TYPE = YES_ERROR;
				GCC_WARN_UNDECLARED_SELECTOR = YES;
				GCC_WARN_UNINITIALIZED_AUTOS = YES_AGGRESSIVE;
				GCC_WARN_UNUSED_FUNCTION = YES;
				GCC_WARN_UNUSED_VARIABLE = YES;
				IPHONEOS_DEPLOYMENT_TARGET = 7.1;
				SDKROOT = iphoneos;
				TARGETED_DEVICE_FAMILY = "1,2";
				VALIDATE_PRODUCT = YES;
			};
			name = Release;
		};
		55C4A1FD18E62110006B6AB0 /* Debug */ = {
			isa = XCBuildConfiguration;
			buildSettings = {
				ASSETCATALOG_COMPILER_APPICON_NAME = AppIcon;
				ASSETCATALOG_COMPILER_LAUNCHIMAGE_NAME = LaunchImage;
				GCC_PRECOMPILE_PREFIX_HEADER = YES;
				GCC_PREFIX_HEADER = "ScrollBarColor/ScrollBarColor-Prefix.pch";
				INFOPLIST_FILE = "ScrollBarColor/ScrollBarColor-Info.plist";
				IPHONEOS_DEPLOYMENT_TARGET = 7.0;
				PRODUCT_NAME = "$(TARGET_NAME)";
				WRAPPER_EXTENSION = app;
			};
			name = Debug;
		};
		55C4A1FE18E62110006B6AB0 /* Release */ = {
			isa = XCBuildConfiguration;
			buildSettings = {
				ASSETCATALOG_COMPILER_APPICON_NAME = AppIcon;
				ASSETCATALOG_COMPILER_LAUNCHIMAGE_NAME = LaunchImage;
				GCC_PRECOMPILE_PREFIX_HEADER = YES;
				GCC_PREFIX_HEADER = "ScrollBarColor/ScrollBarColor-Prefix.pch";
				INFOPLIST_FILE = "ScrollBarColor/ScrollBarColor-Info.plist";
				IPHONEOS_DEPLOYMENT_TARGET = 7.0;
				PRODUCT_NAME = "$(TARGET_NAME)";
				WRAPPER_EXTENSION = app;
			};
			name = Release;
		};
		55C4A20018E62110006B6AB0 /* Debug */ = {
			isa = XCBuildConfiguration;
			buildSettings = {
				BUNDLE_LOADER = "$(BUILT_PRODUCTS_DIR)/ScrollBarColor.app/ScrollBarColor";
				FRAMEWORK_SEARCH_PATHS = (
					"$(SDKROOT)/Developer/Library/Frameworks",
					"$(inherited)",
					"$(DEVELOPER_FRAMEWORKS_DIR)",
				);
				GCC_PRECOMPILE_PREFIX_HEADER = YES;
				GCC_PREFIX_HEADER = "ScrollBarColor/ScrollBarColor-Prefix.pch";
				GCC_PREPROCESSOR_DEFINITIONS = (
					"DEBUG=1",
					"$(inherited)",
				);
				INFOPLIST_FILE = "ScrollBarColorTests/ScrollBarColorTests-Info.plist";
				PRODUCT_NAME = "$(TARGET_NAME)";
				TEST_HOST = "$(BUNDLE_LOADER)";
				WRAPPER_EXTENSION = xctest;
			};
			name = Debug;
		};
		55C4A20118E62110006B6AB0 /* Release */ = {
			isa = XCBuildConfiguration;
			buildSettings = {
				BUNDLE_LOADER = "$(BUILT_PRODUCTS_DIR)/ScrollBarColor.app/ScrollBarColor";
				FRAMEWORK_SEARCH_PATHS = (
					"$(SDKROOT)/Developer/Library/Frameworks",
					"$(inherited)",
					"$(DEVELOPER_FRAMEWORKS_DIR)",
				);
				GCC_PRECOMPILE_PREFIX_HEADER = YES;
				GCC_PREFIX_HEADER = "ScrollBarColor/ScrollBarColor-Prefix.pch";
				INFOPLIST_FILE = "ScrollBarColorTests/ScrollBarColorTests-Info.plist";
				PRODUCT_NAME = "$(TARGET_NAME)";
				TEST_HOST = "$(BUNDLE_LOADER)";
				WRAPPER_EXTENSION = xctest;
			};
			name = Release;
		};
/* End XCBuildConfiguration section */

/* Begin XCConfigurationList section */
		55C4A1C218E6210F006B6AB0 /* Build configuration list for PBXProject "ScrollBarColor" */ = {
			isa = XCConfigurationList;
			buildConfigurations = (
				55C4A1FA18E62110006B6AB0 /* Debug */,
				55C4A1FB18E62110006B6AB0 /* Release */,
			);
			defaultConfigurationIsVisible = 0;
			defaultConfigurationName = Release;
		};
		55C4A1FC18E62110006B6AB0 /* Build configuration list for PBXNativeTarget "ScrollBarColor" */ = {
			isa = XCConfigurationList;
			buildConfigurations = (
				55C4A1FD18E62110006B6AB0 /* Debug */,
				55C4A1FE18E62110006B6AB0 /* Release */,
			);
			defaultConfigurationIsVisible = 0;
		};
		55C4A1FF18E62110006B6AB0 /* Build configuration list for PBXNativeTarget "ScrollBarColorTests" */ = {
			isa = XCConfigurationList;
			buildConfigurations = (
				55C4A20018E62110006B6AB0 /* Debug */,
				55C4A20118E62110006B6AB0 /* Release */,
			);
			defaultConfigurationIsVisible = 0;
		};
/* End XCConfigurationList section */
	};
	rootObject = 55C4A1BF18E6210F006B6AB0 /* Project object */;
}
